
Microsoft Visual Studio Solution File, Format Version 12.00
# Visual Studio Version 17
VisualStudioVersion = 17.7.34202.233
MinimumVisualStudioVersion = 10.0.40219.1
Project("{FAE04EC0-301F-11D3-BF4B-00C04F79EFBC}") = "MeuHelloWorld", "MeuHelloWorld\MeuHelloWorld.csproj", "{60EC22EA-1B42-4CE4-9B05-D61328BF256B}"
EndProject
Global
	GlobalSection(SolutionConfigurationPlatforms) = preSolution
		Debug|Any CPU = Debug|Any CPU
		Release|Any CPU = Release|Any CPU
	EndGlobalSection
	GlobalSection(ProjectConfigurationPlatforms) = postSolution
		{60EC22EA-1B42-4CE4-9B05-D61328BF256B}.Debug|Any CPU.ActiveCfg = Debug|Any CPU
		{60EC22EA-1B42-4CE4-9B05-D61328BF256B}.Debug|Any CPU.Build.0 = Debug|Any CPU
		{60EC22EA-1B42-4CE4-9B05-D61328BF256B}.Release|Any CPU.ActiveCfg = Release|Any CPU
		{60EC22EA-1B42-4CE4-9B05-D61328BF256B}.Release|Any CPU.Build.0 = Release|Any CPU
	EndGlobalSection
	GlobalSection(SolutionProperties) = preSolution
		HideSolutionNode = FALSE
	EndGlobalSection
	GlobalSection(ExtensibilityGlobals) = postSolution
		SolutionGuid = {1A8958D2-FDB0-49C3-B129-7EDC35F26799}
	EndGlobalSection
EndGlobal
